{
  "name": "demo",
  "lockfileVersion": 3,
  "requires": true,
  "packages": {
    "": {
      "dependencies": {
        "soap-asanak-sms-axios": "^1.0.0"
      }
    },
    "node_modules/soap-asanak-sms-axios": {
      "version": "1.0.5",
      "resolved": "https://registry.npmjs.org/soap-asanak-sms-axios/-/soap-asanak-sms-axios-1.0.5.tgz",
      "integrity": "sha512-3iD950npNRrI3MGbkoA69p3fnfWTZl3cLS3fyM76siI/ijJyKl0trcpJUwlqj66PFaa/X26SxvaBtt9/Q2AUuw==",
      "license": "MIT"
    }
  }
}
